PODS:
  - Flutter (1.0.0)
  - plugin_codelab (0.0.1):
    - Flutter

DEPENDENCIES:
  - Flutter (from `Flutter`)
  - plugin_codelab (from `.symlinks/plugins/plugin_codelab/ios`)

EXTERNAL SOURCES:
  Flutter:
    :path: Flutter
  plugin_codelab:
    :path: ".symlinks/plugins/plugin_codelab/ios"

SPEC CHECKSUMS:
  Flutter: f04841e97a9d0b0a8025694d0796dd46242b2854
  plugin_codelab: 61740f49785bc7c1ff3d00e0b4440e3c837c6735

PODFILE CHECKSUM: 663715e941f9adb426e33bf9376914006f9ea95b

COCOAPODS: 1.11.3
